
Microsoft Visual Studio Solution File, Format Version 12.00
# Visual Studio 15
VisualStudioVersion = 15.0.28010.2036
MinimumVisualStudioVersion = 10.0.40219.1
Project("{FAE04EC0-301F-11D3-BF4B-00C04F79EFBC}") = "上海燕洵物联网科技有限公司人事管理系统", "上海燕洵物联网科技有限公司人事管理系统\上海燕洵物联网科技有限公司人事管理系统.csproj", "{A45AD0C1-CFC7-40D7-B9C2-8B4979D052F0}"
EndProject
Global
	GlobalSection(SolutionConfigurationPlatforms) = preSolution
		Debug|Any CPU = Debug|Any CPU
		Release|Any CPU = Release|Any CPU
	EndGlobalSection
	GlobalSection(ProjectConfigurationPlatforms) = postSolution
		{A45AD0C1-CFC7-40D7-B9C2-8B4979D052F0}.Debug|Any CPU.ActiveCfg = Debug|Any CPU
		{A45AD0C1-CFC7-40D7-B9C2-8B4979D052F0}.Debug|Any CPU.Build.0 = Debug|Any CPU
		{A45AD0C1-CFC7-40D7-B9C2-8B4979D052F0}.Release|Any CPU.ActiveCfg = Release|Any CPU
		{A45AD0C1-CFC7-40D7-B9C2-8B4979D052F0}.Release|Any CPU.Build.0 = Release|Any CPU
	EndGlobalSection
	GlobalSection(SolutionProperties) = preSolution
		HideSolutionNode = FALSE
	EndGlobalSection
	GlobalSection(ExtensibilityGlobals) = postSolution
		SolutionGuid = {975F9DD8-2B82-4CD1-B5F5-C83DA219D0B7}
	EndGlobalSection
EndGlobal
